
Microsoft Visual Studio Solution File, Format Version 12.00
# Visual Studio Version 17
VisualStudioVersion = 17.3.32901.215
MinimumVisualStudioVersion = 10.0.40219.1
Project("{9A19103F-16F7-4668-BE54-9A1E7A4F7556}") = "EncapsulationExercise", "EncapsulationExercise\EncapsulationExercise.csproj", "{569C1F27-1293-4387-BD83-AD8D2F8010B2}"
EndProject
Project("{9A19103F-16F7-4668-BE54-9A1E7A4F7556}") = "PersonsInfo", "PersonsInfo\PersonsInfo.csproj", "{0350DEE1-5D61-46C8-90D5-6E12CA2583B0}"
EndProject
Project("{9A19103F-16F7-4668-BE54-9A1E7A4F7556}") = "ClassBoxData", "ClassBoxData\ClassBoxData.csproj", "{CB180064-0244-4D8E-B7F5-B0DD52FED0A9}"
EndProject
Project("{9A19103F-16F7-4668-BE54-9A1E7A4F7556}") = "ShoppingSpree", "ShoppingSpree\ShoppingSpree.csproj", "{6C7E2C80-48D1-4863-918F-9BDB8624FC4B}"
EndProject
Project("{9A19103F-16F7-4668-BE54-9A1E7A4F7556}") = "PizzaCalories", "PizzaCalories\PizzaCalories.csproj", "{FA790567-9AC9-44E9-824B-B49B5148AF87}"
EndProject
Global
	GlobalSection(SolutionConfigurationPlatforms) = preSolution
		Debug|Any CPU = Debug|Any CPU
		Release|Any CPU = Release|Any CPU
	EndGlobalSection
	GlobalSection(ProjectConfigurationPlatforms) = postSolution
		{569C1F27-1293-4387-BD83-AD8D2F8010B2}.Debug|Any CPU.ActiveCfg = Debug|Any CPU
		{569C1F27-1293-4387-BD83-AD8D2F8010B2}.Debug|Any CPU.Build.0 = Debug|Any CPU
		{569C1F27-1293-4387-BD83-AD8D2F8010B2}.Release|Any CPU.ActiveCfg = Release|Any CPU
		{569C1F27-1293-4387-BD83-AD8D2F8010B2}.Release|Any CPU.Build.0 = Release|Any CPU
		{0350DEE1-5D61-46C8-90D5-6E12CA2583B0}.Debug|Any CPU.ActiveCfg = Debug|Any CPU
		{0350DEE1-5D61-46C8-90D5-6E12CA2583B0}.Debug|Any CPU.Build.0 = Debug|Any CPU
		{0350DEE1-5D61-46C8-90D5-6E12CA2583B0}.Release|Any CPU.ActiveCfg = Release|Any CPU
		{0350DEE1-5D61-46C8-90D5-6E12CA2583B0}.Release|Any CPU.Build.0 = Release|Any CPU
		{CB180064-0244-4D8E-B7F5-B0DD52FED0A9}.Debug|Any CPU.ActiveCfg = Debug|Any CPU
		{CB180064-0244-4D8E-B7F5-B0DD52FED0A9}.Debug|Any CPU.Build.0 = Debug|Any CPU
		{CB180064-0244-4D8E-B7F5-B0DD52FED0A9}.Release|Any CPU.ActiveCfg = Release|Any CPU
		{CB180064-0244-4D8E-B7F5-B0DD52FED0A9}.Release|Any CPU.Build.0 = Release|Any CPU
		{6C7E2C80-48D1-4863-918F-9BDB8624FC4B}.Debug|Any CPU.ActiveCfg = Debug|Any CPU
		{6C7E2C80-48D1-4863-918F-9BDB8624FC4B}.Debug|Any CPU.Build.0 = Debug|Any CPU
		{6C7E2C80-48D1-4863-918F-9BDB8624FC4B}.Release|Any CPU.ActiveCfg = Release|Any CPU
		{6C7E2C80-48D1-4863-918F-9BDB8624FC4B}.Release|Any CPU.Build.0 = Release|Any CPU
		{FA790567-9AC9-44E9-824B-B49B5148AF87}.Debug|Any CPU.ActiveCfg = Debug|Any CPU
		{FA790567-9AC9-44E9-824B-B49B5148AF87}.Debug|Any CPU.Build.0 = Debug|Any CPU
		{FA790567-9AC9-44E9-824B-B49B5148AF87}.Release|Any CPU.ActiveCfg = Release|Any CPU
		{FA790567-9AC9-44E9-824B-B49B5148AF87}.Release|Any CPU.Build.0 = Release|Any CPU
	EndGlobalSection
	GlobalSection(SolutionProperties) = preSolution
		HideSolutionNode = FALSE
	EndGlobalSection
	GlobalSection(ExtensibilityGlobals) = postSolution
		SolutionGuid = {1E955830-64BD-443D-AD86-5B7F00775A85}
	EndGlobalSection
EndGlobal
